
Microsoft Visual Studio Solution File, Format Version 12.00
# Visual Studio Version 17
VisualStudioVersion = 17.1.32210.238
MinimumVisualStudioVersion = 10.0.40219.1
Project("{FAE04EC0-301F-11D3-BF4B-00C04F79EFBC}") = "opdrachten", "opdrachten\opdrachten.csproj", "{942820BF-F524-4107-84CD-37F7355786AD}"
EndProject
Project("{FAE04EC0-301F-11D3-BF4B-00C04F79EFBC}") = "basisopdracht1", "..\basisopdracht1\basisopdracht1.csproj", "{BEE02919-6E58-4495-B122-2268E5BDA0F9}"
EndProject
Global
	GlobalSection(SolutionConfigurationPlatforms) = preSolution
		Debug|Any CPU = Debug|Any CPU
		Release|Any CPU = Release|Any CPU
	EndGlobalSection
	GlobalSection(ProjectConfigurationPlatforms) = postSolution
		{942820BF-F524-4107-84CD-37F7355786AD}.Debug|Any CPU.ActiveCfg = Debug|Any CPU
		{942820BF-F524-4107-84CD-37F7355786AD}.Debug|Any CPU.Build.0 = Debug|Any CPU
		{942820BF-F524-4107-84CD-37F7355786AD}.Release|Any CPU.ActiveCfg = Release|Any CPU
		{942820BF-F524-4107-84CD-37F7355786AD}.Release|Any CPU.Build.0 = Release|Any CPU
		{BEE02919-6E58-4495-B122-2268E5BDA0F9}.Debug|Any CPU.ActiveCfg = Debug|Any CPU
		{BEE02919-6E58-4495-B122-2268E5BDA0F9}.Debug|Any CPU.Build.0 = Debug|Any CPU
		{BEE02919-6E58-4495-B122-2268E5BDA0F9}.Release|Any CPU.ActiveCfg = Release|Any CPU
		{BEE02919-6E58-4495-B122-2268E5BDA0F9}.Release|Any CPU.Build.0 = Release|Any CPU
	EndGlobalSection
	GlobalSection(SolutionProperties) = preSolution
		HideSolutionNode = FALSE
	EndGlobalSection
	GlobalSection(ExtensibilityGlobals) = postSolution
		SolutionGuid = {D8447F0D-3C90-4C54-ABD8-13481D79C35C}
	EndGlobalSection
EndGlobal
