
Microsoft Visual Studio Solution File, Format Version 12.00
# Visual Studio Version 17
VisualStudioVersion = 17.1.32210.238
MinimumVisualStudioVersion = 10.0.40219.1
Project("{FAE04EC0-301F-11D3-BF4B-00C04F79EFBC}") = "basisopdracht5", "basisopdracht5\basisopdracht5.csproj", "{C0AB5384-22F8-461E-B57D-33CF8BB01845}"
EndProject
Global
	GlobalSection(SolutionConfigurationPlatforms) = preSolution
		Debug|Any CPU = Debug|Any CPU
		Release|Any CPU = Release|Any CPU
	EndGlobalSection
	GlobalSection(ProjectConfigurationPlatforms) = postSolution
		{C0AB5384-22F8-461E-B57D-33CF8BB01845}.Debug|Any CPU.ActiveCfg = Debug|Any CPU
		{C0AB5384-22F8-461E-B57D-33CF8BB01845}.Debug|Any CPU.Build.0 = Debug|Any CPU
		{C0AB5384-22F8-461E-B57D-33CF8BB01845}.Release|Any CPU.ActiveCfg = Release|Any CPU
		{C0AB5384-22F8-461E-B57D-33CF8BB01845}.Release|Any CPU.Build.0 = Release|Any CPU
	EndGlobalSection
	GlobalSection(SolutionProperties) = preSolution
		HideSolutionNode = FALSE
	EndGlobalSection
	GlobalSection(ExtensibilityGlobals) = postSolution
		SolutionGuid = {5FB0C476-29B2-4B4D-85B7-2364CA77482A}
	EndGlobalSection
EndGlobal
